{
  "nodes": {
    "nixos-hardware": {
      "locked": {
        "lastModified": 1667585378,
        "narHash": "sha256-cvOwucrjBaAkaGk3FunG+MQiwiSBeIVTtO5n/YavpC0=",
        "owner": "NixOS",
        "repo": "nixos-hardware",
        "rev": "6b35a59c19ddbbeb229fcd1d3dcd422dcc0fa927",
        "type": "github"
      },
      "original": {
        "owner": "NixOS",
        "repo": "nixos-hardware",
        "type": "github"
      }
    },
    "nixpkgs": {
      "locked": {
        "lastModified": 1667482890,
        "narHash": "sha256-pua0jp87iwN7NBY5/ypx0s9L9CG49Ju/NI4wGwurHc4=",
        "owner": "NixOS",
        "repo": "nixpkgs",
        "rev": "a2a777538d971c6b01c6e54af89ddd6567c055e8",
        "type": "github"
      },
      "original": {
        "owner": "NixOS",
        "ref": "nixos-unstable",
        "repo": "nixpkgs",
        "type": "github"
      }
    },
    "root": {
      "inputs": {
        "nixos-hardware": "nixos-hardware",
        "nixpkgs": "nixpkgs"
      }
    }
  },
  "root": "root",
  "version": 7
}
