{
  "nodes": {
    "nixos-hardware": {
      "locked": {
        "lastModified": 1666873549,
        "narHash": "sha256-a6Eu1Qv/EndjepSMja5SvcG+4vM5Rl2gzJD7xscRHss=",
        "owner": "NixOS",
        "repo": "nixos-hardware",
        "rev": "419dcc0ec767803182ed01a326f134230578bf60",
        "type": "github"
      },
      "original": {
        "owner": "NixOS",
        "repo": "nixos-hardware",
        "type": "github"
      }
    },
    "nixpkgs": {
      "locked": {
        "lastModified": 1666926733,
        "narHash": "sha256-+gYfOEnQVISPDRNoWm2VJD5OEuTUySt48RchLpvm61o=",
        "owner": "NixOS",
        "repo": "nixpkgs",
        "rev": "f44ba1be526c8da9e79a5759feca2365204003f6",
        "type": "github"
      },
      "original": {
        "id": "nixpkgs",
        "type": "indirect"
      }
    },
    "root": {
      "inputs": {
        "nixos-hardware": "nixos-hardware",
        "nixpkgs": "nixpkgs"
      }
    }
  },
  "root": "root",
  "version": 7
}
